// !$*UTF8*$!
{
	archiveVersion = 1;
	classes = {
	};
	objectVersion = 50;
	objects = {

/* Begin PBXBuildFile section */
		EB77BAEE25C86AB100E3B6D7 /* AppDelegate.swift in Sources */ = {isa = PBXBuildFile; fileRef = EB77BAED25C86AB100E3B6D7 /* AppDelegate.swift */; };
		EB77BAF025C86AB100E3B6D7 /* SceneDelegate.swift in Sources */ = {isa = PBXBuildFile; fileRef = EB77BAEF25C86AB100E3B6D7 /* SceneDelegate.swift */; };
		EB77BAF225C86AB100E3B6D7 /* ViewController.swift in Sources */ = {isa = PBXBuildFile; fileRef = EB77BAF125C86AB100E3B6D7 /* ViewController.swift */; };
		EB77BAF525C86AB100E3B6D7 /* Main.storyboard in Resources */ = {isa = PBXBuildFile; fileRef = EB77BAF325C86AB100E3B6D7 /* Main.storyboard */; };
		EB77BAF825C86AB100E3B6D7 /* PropertyList.xcdatamodeld in Sources */ = {isa = PBXBuildFile; fileRef = EB77BAF625C86AB100E3B6D7 /* PropertyList.xcdatamodeld */; };
		EB77BAFA25C86AB400E3B6D7 /* Assets.xcassets in Resources */ = {isa = PBXBuildFile; fileRef = EB77BAF925C86AB400E3B6D7 /* Assets.xcassets */; };
		EB77BAFD25C86AB400E3B6D7 /* LaunchScreen.storyboard in Resources */ = {isa = PBXBuildFile; fileRef = EB77BAFB25C86AB400E3B6D7 /* LaunchScreen.storyboard */; };
		EB77BB0625C874EF00E3B6D7 /* DetailsViewController.swift in Sources */ = {isa = PBXBuildFile; fileRef = EB77BB0525C874EF00E3B6D7 /* DetailsViewController.swift */; };
/* End PBXBuildFile section */

/* Begin PBXFileReference section */
		EB77BAEA25C86AB100E3B6D7 /* PropertyList.app */ = {isa = PBXFileReference; explicitFileType = wrapper.application; includeInIndex = 0; path = PropertyList.app; sourceTree = BUILT_PRODUCTS_DIR; };
		EB77BAED25C86AB100E3B6D7 /* AppDelegate.swift */ = {isa = PBXFileReference; lastKnownFileType = sourcecode.swift; path = AppDelegate.swift; sourceTree = "<group>"; };
		EB77BAEF25C86AB100E3B6D7 /* SceneDelegate.swift */ = {isa = PBXFileReference; lastKnownFileType = sourcecode.swift; path = SceneDelegate.swift; sourceTree = "<group>"; };
		EB77BAF125C86AB100E3B6D7 /* ViewController.swift */ = {isa = PBXFileReference; lastKnownFileType = sourcecode.swift; path = ViewController.swift; sourceTree = "<group>"; };
		EB77BAF425C86AB100E3B6D7 /* Base */ = {isa = PBXFileReference; lastKnownFileType = file.storyboard; name = Base; path = Base.lproj/Main.storyboard; sourceTree = "<group>"; };
		EB77BAF725C86AB100E3B6D7 /* PropertyList.xcdatamodel */ = {isa = PBXFileReference; lastKnownFileType = wrapper.xcdatamodel; path = PropertyList.xcdatamodel; sourceTree = "<group>"; };
		EB77BAF925C86AB400E3B6D7 /* Assets.xcassets */ = {isa = PBXFileReference; lastKnownFileType = folder.assetcatalog; path = Assets.xcassets; sourceTree = "<group>"; };
		EB77BAFC25C86AB400E3B6D7 /* Base */ = {isa = PBXFileReference; lastKnownFileType = file.storyboard; name = Base; path = Base.lproj/LaunchScreen.storyboard; sourceTree = "<group>"; };
		EB77BAFE25C86AB400E3B6D7 /* Info.plist */ = {isa = PBXFileReference; lastKnownFileType = text.plist.xml; path = Info.plist; sourceTree = "<group>"; };
		EB77BB0525C874EF00E3B6D7 /* DetailsViewController.swift */ = {isa = PBXFileReference; lastKnownFileType = sourcecode.swift; path = DetailsViewController.swift; sourceTree = "<group>"; };
/* End PBXFileReference section */

/* Begin PBXFrameworksBuildPhase section */
		EB77BAE725C86AB100E3B6D7 /* Frameworks */ = {
			isa = PBXFrameworksBuildPhase;
			buildActionMask = 2147483647;
			files = (
			);
			runOnlyForDeploymentPostprocessing = 0;
		};
/* End PBXFrameworksBuildPhase section */

/* Begin PBXGroup section */
		EB77BAE125C86AB100E3B6D7 = {
			isa = PBXGroup;
			children = (
				EB77BAEC25C86AB100E3B6D7 /* PropertyList */,
				EB77BAEB25C86AB100E3B6D7 /* Products */,
			);
			sourceTree = "<group>";
		};
		EB77BAEB25C86AB100E3B6D7 /* Products */ = {
			isa = PBXGroup;
			children = (
				EB77BAEA25C86AB100E3B6D7 /* PropertyList.app */,
			);
			name = Products;
			sourceTree = "<group>";
		};
		EB77BAEC25C86AB100E3B6D7 /* PropertyList */ = {
			isa = PBXGroup;
			children = (
				EB77BAED25C86AB100E3B6D7 /* AppDelegate.swift */,
				EB77BAEF25C86AB100E3B6D7 /* SceneDelegate.swift */,
				EB77BAF125C86AB100E3B6D7 /* ViewController.swift */,
				EB77BAF325C86AB100E3B6D7 /* Main.storyboard */,
				EB77BAF925C86AB400E3B6D7 /* Assets.xcassets */,
				EB77BAFB25C86AB400E3B6D7 /* LaunchScreen.storyboard */,
				EB77BAFE25C86AB400E3B6D7 /* Info.plist */,
				EB77BAF625C86AB100E3B6D7 /* PropertyList.xcdatamodeld */,
				EB77BB0525C874EF00E3B6D7 /* DetailsViewController.swift */,
			);
			path = PropertyList;
			sourceTree = "<group>";
		};
/* End PBXGroup section */

/* Begin PBXNativeTarget section */
		EB77BAE925C86AB100E3B6D7 /* PropertyList */ = {
			isa = PBXNativeTarget;
			buildConfigurationList = EB77BB0125C86AB400E3B6D7 /* Build configuration list for PBXNativeTarget "PropertyList" */;
			buildPhases = (
				EB77BAE625C86AB100E3B6D7 /* Sources */,
				EB77BAE725C86AB100E3B6D7 /* Frameworks */,
				EB77BAE825C86AB100E3B6D7 /* Resources */,
			);
			buildRules = (
			);
			dependencies = (
			);
			name = PropertyList;
			productName = PropertyList;
			productReference = EB77BAEA25C86AB100E3B6D7 /* PropertyList.app */;
			productType = "com.apple.product-type.application";
		};
/* End PBXNativeTarget section */

/* Begin PBXProject section */
		EB77BAE225C86AB100E3B6D7 /* Project object */ = {
			isa = PBXProject;
			attributes = {
				LastSwiftUpdateCheck = 1220;
				LastUpgradeCheck = 1220;
				TargetAttributes = {
					EB77BAE925C86AB100E3B6D7 = {
						CreatedOnToolsVersion = 12.2;
					};
				};
			};
			buildConfigurationList = EB77BAE525C86AB100E3B6D7 /* Build configuration list for PBXProject "PropertyList" */;
			compatibilityVersion = "Xcode 9.3";
			developmentRegion = en;
			hasScannedForEncodings = 0;
			knownRegions = (
				en,
				Base,
			);
			mainGroup = EB77BAE125C86AB100E3B6D7;
			productRefGroup = EB77BAEB25C86AB100E3B6D7 /* Products */;
			projectDirPath = "";
			projectRoot = "";
			targets = (
				EB77BAE925C86AB100E3B6D7 /* PropertyList */,
			);
		};
/* End PBXProject section */

/* Begin PBXResourcesBuildPhase section */
		EB77BAE825C86AB100E3B6D7 /* Resources */ = {
			isa = PBXResourcesBuildPhase;
			buildActionMask = 2147483647;
			files = (
				EB77BAFD25C86AB400E3B6D7 /* LaunchScreen.storyboard in Resources */,
				EB77BAFA25C86AB400E3B6D7 /* Assets.xcassets in Resources */,
				EB77BAF525C86AB100E3B6D7 /* Main.storyboard in Resources */,
			);
			runOnlyForDeploymentPostprocessing = 0;
		};
/* End PBXResourcesBuildPhase section */

/* Begin PBXSourcesBuildPhase section */
		EB77BAE625C86AB100E3B6D7 /* Sources */ = {
			isa = PBXSourcesBuildPhase;
			buildActionMask = 2147483647;
			files = (
				EB77BAF225C86AB100E3B6D7 /* ViewController.swift in Sources */,
				EB77BAEE25C86AB100E3B6D7 /* AppDelegate.swift in Sources */,
				EB77BAF825C86AB100E3B6D7 /* PropertyList.xcdatamodeld in Sources */,
				EB77BAF025C86AB100E3B6D7 /* SceneDelegate.swift in Sources */,
				EB77BB0625C874EF00E3B6D7 /* DetailsViewController.swift in Sources */,
			);
			runOnlyForDeploymentPostprocessing = 0;
		};
/* End PBXSourcesBuildPhase section */

/* Begin PBXVariantGroup section */
		EB77BAF325C86AB100E3B6D7 /* Main.storyboard */ = {
			isa = PBXVariantGroup;
			children = (
				EB77BAF425C86AB100E3B6D7 /* Base */,
			);
			name = Main.storyboard;
			sourceTree = "<group>";
		};
		EB77BAFB25C86AB400E3B6D7 /* LaunchScreen.storyboard */ = {
			isa = PBXVariantGroup;
			children = (
				EB77BAFC25C86AB400E3B6D7 /* Base */,
			);
			name = LaunchScreen.storyboard;
			sourceTree = "<group>";
		};
/* End PBXVariantGroup section */

/* Begin XCBuildConfiguration section */
		EB77BAFF25C86AB400E3B6D7 /* Debug */ = {
			isa = XCBuildConfiguration;
			buildSettings = {
				ALWAYS_SEARCH_USER_PATHS = NO;
				CLANG_ANALYZER_NONNULL = YES;
				CLANG_ANALYZER_NUMBER_OBJECT_CONVERSION = YES_AGGRESSIVE;
				CLANG_CXX_LANGUAGE_STANDARD = "gnu++14";
				CLANG_CXX_LIBRARY = "libc++";
				CLANG_ENABLE_MODULES = YES;
				CLANG_ENABLE_OBJC_ARC = YES;
				CLANG_ENABLE_OBJC_WEAK = YES;
				CLANG_WARN_BLOCK_CAPTURE_AUTORELEASING = YES;
				CLANG_WARN_BOOL_CONVERSION = YES;
				CLANG_WARN_COMMA = YES;
				CLANG_WARN_CONSTANT_CONVERSION = YES;
				CLANG_WARN_DEPRECATED_OBJC_IMPLEMENTATIONS = YES;
				CLANG_WARN_DIRECT_OBJC_ISA_USAGE = YES_ERROR;
				CLANG_WARN_DOCUMENTATION_COMMENTS = YES;
				CLANG_WARN_EMPTY_BODY = YES;
				CLANG_WARN_ENUM_CONVERSION = YES;
				CLANG_WARN_INFINITE_RECURSION = YES;
				CLANG_WARN_INT_CONVERSION = YES;
				CLANG_WARN_NON_LITERAL_NULL_CONVERSION = YES;
				CLANG_WARN_OBJC_IMPLICIT_RETAIN_SELF = YES;
				CLANG_WARN_OBJC_LITERAL_CONVERSION = YES;
				CLANG_WARN_OBJC_ROOT_CLASS = YES_ERROR;
				CLANG_WARN_QUOTED_INCLUDE_IN_FRAMEWORK_HEADER = YES;
				CLANG_WARN_RANGE_LOOP_ANALYSIS = YES;
				CLANG_WARN_STRICT_PROTOTYPES = YES;
				CLANG_WARN_SUSPICIOUS_MOVE = YES;
				CLANG_WARN_UNGUARDED_AVAILABILITY = YES_AGGRESSIVE;
				CLANG_WARN_UNREACHABLE_CODE = YES;
				CLANG_WARN__DUPLICATE_METHOD_MATCH = YES;
				COPY_PHASE_STRIP = NO;
				DEBUG_INFORMATION_FORMAT = dwarf;
				ENABLE_STRICT_OBJC_MSGSEND = YES;
				ENABLE_TESTABILITY = YES;
				GCC_C_LANGUAGE_STANDARD = gnu11;
				GCC_DYNAMIC_NO_PIC = NO;
				GCC_NO_COMMON_BLOCKS = YES;
				GCC_OPTIMIZATION_LEVEL = 0;
				GCC_PREPROCESSOR_DEFINITIONS = (
					"DEBUG=1",
					"$(inherited)",
				);
				GCC_WARN_64_TO_32_BIT_CONVERSION = YES;
				GCC_WARN_ABOUT_RETURN_TYPE = YES_ERROR;
				GCC_WARN_UNDECLARED_SELECTOR = YES;
				GCC_WARN_UNINITIALIZED_AUTOS = YES_AGGRESSIVE;
				GCC_WARN_UNUSED_FUNCTION = YES;
				GCC_WARN_UNUSED_VARIABLE = YES;
				IPHONEOS_DEPLOYMENT_TARGET = 14.2;
				MTL_ENABLE_DEBUG_INFO = INCLUDE_SOURCE;
				MTL_FAST_MATH = YES;
				ONLY_ACTIVE_ARCH = YES;
				SDKROOT = iphoneos;
				SWIFT_ACTIVE_COMPILATION_CONDITIONS = DEBUG;
				SWIFT_OPTIMIZATION_LEVEL = "-Onone";
			};
			name = Debug;
		};
		EB77BB0025C86AB400E3B6D7 /* Release */ = {
			isa = XCBuildConfiguration;
			buildSettings = {
				ALWAYS_SEARCH_USER_PATHS = NO;
				CLANG_ANALYZER_NONNULL = YES;
				CLANG_ANALYZER_NUMBER_OBJECT_CONVERSION = YES_AGGRESSIVE;
				CLANG_CXX_LANGUAGE_STANDARD = "gnu++14";
				CLANG_CXX_LIBRARY = "libc++";
				CLANG_ENABLE_MODULES = YES;
				CLANG_ENABLE_OBJC_ARC = YES;
				CLANG_ENABLE_OBJC_WEAK = YES;
				CLANG_WARN_BLOCK_CAPTURE_AUTORELEASING = YES;
				CLANG_WARN_BOOL_CONVERSION = YES;
				CLANG_WARN_COMMA = YES;
				CLANG_WARN_CONSTANT_CONVERSION = YES;
				CLANG_WARN_DEPRECATED_OBJC_IMPLEMENTATIONS = YES;
				CLANG_WARN_DIRECT_OBJC_ISA_USAGE = YES_ERROR;
				CLANG_WARN_DOCUMENTATION_COMMENTS = YES;
				CLANG_WARN_EMPTY_BODY = YES;
				CLANG_WARN_ENUM_CONVERSION = YES;
				CLANG_WARN_INFINITE_RECURSION = YES;
				CLANG_WARN_INT_CONVERSION = YES;
				CLANG_WARN_NON_LITERAL_NULL_CONVERSION = YES;
				CLANG_WARN_OBJC_IMPLICIT_RETAIN_SELF = YES;
				CLANG_WARN_OBJC_LITERAL_CONVERSION = YES;
				CLANG_WARN_OBJC_ROOT_CLASS = YES_ERROR;
				CLANG_WARN_QUOTED_INCLUDE_IN_FRAMEWORK_HEADER = YES;
				CLANG_WARN_RANGE_LOOP_ANALYSIS = YES;
				CLANG_WARN_STRICT_PROTOTYPES = YES;
				CLANG_WARN_SUSPICIOUS_MOVE = YES;
				CLANG_WARN_UNGUARDED_AVAILABILITY = YES_AGGRESSIVE;
				CLANG_WARN_UNREACHABLE_CODE = YES;
				CLANG_WARN__DUPLICATE_METHOD_MATCH = YES;
				COPY_PHASE_STRIP = NO;
				DEBUG_INFORMATION_FORMAT = "dwarf-with-dsym";
				ENABLE_NS_ASSERTIONS = NO;
				ENABLE_STRICT_OBJC_MSGSEND = YES;
				GCC_C_LANGUAGE_STANDARD = gnu11;
				GCC_NO_COMMON_BLOCKS = YES;
				GCC_WARN_64_TO_32_BIT_CONVERSION = YES;
				GCC_WARN_ABOUT_RETURN_TYPE = YES_ERROR;
				GCC_WARN_UNDECLARED_SELECTOR = YES;
				GCC_WARN_UNINITIALIZED_AUTOS = YES_AGGRESSIVE;
				GCC_WARN_UNUSED_FUNCTION = YES;
				GCC_WARN_UNUSED_VARIABLE = YES;
				IPHONEOS_DEPLOYMENT_TARGET = 14.2;
				MTL_ENABLE_DEBUG_INFO = NO;
				MTL_FAST_MATH = YES;
				SDKROOT = iphoneos;
				SWIFT_COMPILATION_MODE = wholemodule;
				SWIFT_OPTIMIZATION_LEVEL = "-O";
				VALIDATE_PRODUCT = YES;
			};
			name = Release;
		};
		EB77BB0225C86AB400E3B6D7 /* Debug */ = {
			isa = XCBuildConfiguration;
			buildSettings = {
				ASSETCATALOG_COMPILER_APPICON_NAME = AppIcon;
				ASSETCATALOG_COMPILER_GLOBAL_ACCENT_COLOR_NAME = AccentColor;
				CODE_SIGN_STYLE = Automatic;
				DEVELOPMENT_TEAM = 3S53UNL7XC;
				INFOPLIST_FILE = PropertyList/Info.plist;
				LD_RUNPATH_SEARCH_PATHS = (
					"$(inherited)",
					"@executable_path/Frameworks",
				);
				PRODUCT_BUNDLE_IDENTIFIER = com.canerduru.PropertyList;
				PRODUCT_NAME = "$(TARGET_NAME)";
				SWIFT_VERSION = 5.0;
				TARGETED_DEVICE_FAMILY = "1,2";
			};
			name = Debug;
		};
		EB77BB0325C86AB400E3B6D7 /* Release */ = {
			isa = XCBuildConfiguration;
			buildSettings = {
				ASSETCATALOG_COMPILER_APPICON_NAME = AppIcon;
				ASSETCATALOG_COMPILER_GLOBAL_ACCENT_COLOR_NAME = AccentColor;
				CODE_SIGN_STYLE = Automatic;
				DEVELOPMENT_TEAM = 3S53UNL7XC;
				INFOPLIST_FILE = PropertyList/Info.plist;
				LD_RUNPATH_SEARCH_PATHS = (
					"$(inherited)",
					"@executable_path/Frameworks",
				);
				PRODUCT_BUNDLE_IDENTIFIER = com.canerduru.PropertyList;
				PRODUCT_NAME = "$(TARGET_NAME)";
				SWIFT_VERSION = 5.0;
				TARGETED_DEVICE_FAMILY = "1,2";
			};
			name = Release;
		};
/* End XCBuildConfiguration section */

/* Begin XCConfigurationList section */
		EB77BAE525C86AB100E3B6D7 /* Build configuration list for PBXProject "PropertyList" */ = {
			isa = XCConfigurationList;
			buildConfigurations = (
				EB77BAFF25C86AB400E3B6D7 /* Debug */,
				EB77BB0025C86AB400E3B6D7 /* Release */,
			);
			defaultConfigurationIsVisible = 0;
			defaultConfigurationName = Release;
		};
		EB77BB0125C86AB400E3B6D7 /* Build configuration list for PBXNativeTarget "PropertyList" */ = {
			isa = XCConfigurationList;
			buildConfigurations = (
				EB77BB0225C86AB400E3B6D7 /* Debug */,
				EB77BB0325C86AB400E3B6D7 /* Release */,
			);
			defaultConfigurationIsVisible = 0;
			defaultConfigurationName = Release;
		};
/* End XCConfigurationList section */

/* Begin XCVersionGroup section */
		EB77BAF625C86AB100E3B6D7 /* PropertyList.xcdatamodeld */ = {
			isa = XCVersionGroup;
			children = (
				EB77BAF725C86AB100E3B6D7 /* PropertyList.xcdatamodel */,
			);
			currentVersion = EB77BAF725C86AB100E3B6D7 /* PropertyList.xcdatamodel */;
			path = PropertyList.xcdatamodeld;
			sourceTree = "<group>";
			versionGroupType = wrapper.xcdatamodel;
		};
/* End XCVersionGroup section */
	};
	rootObject = EB77BAE225C86AB100E3B6D7 /* Project object */;
}
